
Microsoft Visual Studio Solution File, Format Version 12.00
# Visual Studio Version 17
VisualStudioVersion = 17.7.34024.191
MinimumVisualStudioVersion = 10.0.40219.1
Project("{FAE04EC0-301F-11D3-BF4B-00C04F79EFBC}") = "WeatherApp", "WeatherApp.csproj", "{82EB26D6-4475-4E23-91D9-25AB23EE8E6D}"
EndProject
Global
	GlobalSection(SolutionConfigurationPlatforms) = preSolution
		Debug|Any CPU = Debug|Any CPU
		Release|Any CPU = Release|Any CPU
	EndGlobalSection
	GlobalSection(ProjectConfigurationPlatforms) = postSolution
		{82EB26D6-4475-4E23-91D9-25AB23EE8E6D}.Debug|Any CPU.ActiveCfg = Debug|Any CPU
		{82EB26D6-4475-4E23-91D9-25AB23EE8E6D}.Debug|Any CPU.Build.0 = Debug|Any CPU
		{82EB26D6-4475-4E23-91D9-25AB23EE8E6D}.Release|Any CPU.ActiveCfg = Release|Any CPU
		{82EB26D6-4475-4E23-91D9-25AB23EE8E6D}.Release|Any CPU.Build.0 = Release|Any CPU
	EndGlobalSection
	GlobalSection(SolutionProperties) = preSolution
		HideSolutionNode = FALSE
	EndGlobalSection
	GlobalSection(ExtensibilityGlobals) = postSolution
		SolutionGuid = {DB6BF5D6-8536-4E46-8C10-3B9F4A086D41}
	EndGlobalSection
EndGlobal
